
Microsoft Visual Studio Solution File, Format Version 12.00
# Visual Studio 15
VisualStudioVersion = 15.0.26730.16
MinimumVisualStudioVersion = 10.0.40219.1
Project("{FAE04EC0-301F-11D3-BF4B-00C04F79EFBC}") = "Amazon", "Amazon\Amazon.csproj", "{76BE451A-63DB-48F5-A7CB-B9F6113E5BF9}"
EndProject
Project("{FAE04EC0-301F-11D3-BF4B-00C04F79EFBC}") = "AmazonTests", "AmazonTests\AmazonTests.csproj", "{DC2FEE8E-A2E6-4BA0-8124-FD03F4E3C7CC}"
EndProject
Global
	GlobalSection(SolutionConfigurationPlatforms) = preSolution
		Debug|Any CPU = Debug|Any CPU
		Release|Any CPU = Release|Any CPU
	EndGlobalSection
	GlobalSection(ProjectConfigurationPlatforms) = postSolution
		{76BE451A-63DB-48F5-A7CB-B9F6113E5BF9}.Debug|Any CPU.ActiveCfg = Debug|Any CPU
		{76BE451A-63DB-48F5-A7CB-B9F6113E5BF9}.Debug|Any CPU.Build.0 = Debug|Any CPU
		{76BE451A-63DB-48F5-A7CB-B9F6113E5BF9}.Release|Any CPU.ActiveCfg = Release|Any CPU
		{76BE451A-63DB-48F5-A7CB-B9F6113E5BF9}.Release|Any CPU.Build.0 = Release|Any CPU
		{DC2FEE8E-A2E6-4BA0-8124-FD03F4E3C7CC}.Debug|Any CPU.ActiveCfg = Debug|Any CPU
		{DC2FEE8E-A2E6-4BA0-8124-FD03F4E3C7CC}.Debug|Any CPU.Build.0 = Debug|Any CPU
		{DC2FEE8E-A2E6-4BA0-8124-FD03F4E3C7CC}.Release|Any CPU.ActiveCfg = Release|Any CPU
		{DC2FEE8E-A2E6-4BA0-8124-FD03F4E3C7CC}.Release|Any CPU.Build.0 = Release|Any CPU
	EndGlobalSection
	GlobalSection(SolutionProperties) = preSolution
		HideSolutionNode = FALSE
	EndGlobalSection
	GlobalSection(ExtensibilityGlobals) = postSolution
		SolutionGuid = {191ACA69-D20A-4F02-B2B4-559C0405F647}
	EndGlobalSection
EndGlobal
